
Microsoft Visual Studio Solution File, Format Version 12.00
# Visual Studio Version 16
VisualStudioVersion = 16.0.31205.134
MinimumVisualStudioVersion = 10.0.40219.1
Project("{FAE04EC0-301F-11D3-BF4B-00C04F79EFBC}") = "App1_5a_G1.UWP", "App1_5a_G1\App1_5a_G1.UWP\App1_5a_G1.UWP.csproj", "{0D9166B9-0A2C-48CA-AD08-390A3E5260A2}"
EndProject
Project("{FAE04EC0-301F-11D3-BF4B-00C04F79EFBC}") = "App1_5a_G1.Android", "App1_5a_G1\App1_5a_G1.Android\App1_5a_G1.Android.csproj", "{7DB9C308-B10F-46B5-9D86-8A4BA44D4139}"
EndProject
Project("{FAE04EC0-301F-11D3-BF4B-00C04F79EFBC}") = "App1_5a_G1.iOS", "App1_5a_G1\App1_5a_G1.iOS\App1_5a_G1.iOS.csproj", "{A5223408-74E4-4476-848D-F3B3C26A91C6}"
EndProject
Project("{FAE04EC0-301F-11D3-BF4B-00C04F79EFBC}") = "App1_5a_G1", "App1_5a_G1\App1_5a_G1\App1_5a_G1.csproj", "{43E0CABB-20EA-4088-8AB2-28FD3C385463}"
EndProject
Global
	GlobalSection(SolutionConfigurationPlatforms) = preSolution
		Debug|Any CPU = Debug|Any CPU
		Debug|ARM = Debug|ARM
		Debug|iPhone = Debug|iPhone
		Debug|iPhoneSimulator = Debug|iPhoneSimulator
		Debug|x64 = Debug|x64
		Debug|x86 = Debug|x86
		Release|Any CPU = Release|Any CPU
		Release|ARM = Release|ARM
		Release|iPhone = Release|iPhone
		Release|iPhoneSimulator = Release|iPhoneSimulator
		Release|x64 = Release|x64
		Release|x86 = Release|x86
	EndGlobalSection
	GlobalSection(ProjectConfigurationPlatforms) = postSolution
		{0D9166B9-0A2C-48CA-AD08-390A3E5260A2}.Debug|Any CPU.ActiveCfg = Debug|x86
		{0D9166B9-0A2C-48CA-AD08-390A3E5260A2}.Debug|Any CPU.Build.0 = Debug|x86
		{0D9166B9-0A2C-48CA-AD08-390A3E5260A2}.Debug|Any CPU.Deploy.0 = Debug|x86
		{0D9166B9-0A2C-48CA-AD08-390A3E5260A2}.Debug|ARM.ActiveCfg = Debug|ARM
		{0D9166B9-0A2C-48CA-AD08-390A3E5260A2}.Debug|ARM.Build.0 = Debug|ARM
		{0D9166B9-0A2C-48CA-AD08-390A3E5260A2}.Debug|ARM.Deploy.0 = Debug|ARM
		{0D9166B9-0A2C-48CA-AD08-390A3E5260A2}.Debug|iPhone.ActiveCfg = Debug|x86
		{0D9166B9-0A2C-48CA-AD08-390A3E5260A2}.Debug|iPhone.Build.0 = Debug|x86
		{0D9166B9-0A2C-48CA-AD08-390A3E5260A2}.Debug|iPhone.Deploy.0 = Debug|x86
		{0D9166B9-0A2C-48CA-AD08-390A3E5260A2}.Debug|iPhoneSimulator.ActiveCfg = Debug|x86
		{0D9166B9-0A2C-48CA-AD08-390A3E5260A2}.Debug|iPhoneSimulator.Build.0 = Debug|x86
		{0D9166B9-0A2C-48CA-AD08-390A3E5260A2}.Debug|iPhoneSimulator.Deploy.0 = Debug|x86
		{0D9166B9-0A2C-48CA-AD08-390A3E5260A2}.Debug|x64.ActiveCfg = Debug|x64
		{0D9166B9-0A2C-48CA-AD08-390A3E5260A2}.Debug|x64.Build.0 = Debug|x64
		{0D9166B9-0A2C-48CA-AD08-390A3E5260A2}.Debug|x64.Deploy.0 = Debug|x64
		{0D9166B9-0A2C-48CA-AD08-390A3E5260A2}.Debug|x86.ActiveCfg = Debug|x86
		{0D9166B9-0A2C-48CA-AD08-390A3E5260A2}.Debug|x86.Build.0 = Debug|x86
		{0D9166B9-0A2C-48CA-AD08-390A3E5260A2}.Debug|x86.Deploy.0 = Debug|x86
		{0D9166B9-0A2C-48CA-AD08-390A3E5260A2}.Release|Any CPU.ActiveCfg = Release|x86
		{0D9166B9-0A2C-48CA-AD08-390A3E5260A2}.Release|Any CPU.Build.0 = Release|x86
		{0D9166B9-0A2C-48CA-AD08-390A3E5260A2}.Release|Any CPU.Deploy.0 = Release|x86
		{0D9166B9-0A2C-48CA-AD08-390A3E5260A2}.Release|ARM.ActiveCfg = Release|ARM
		{0D9166B9-0A2C-48CA-AD08-390A3E5260A2}.Release|ARM.Build.0 = Release|ARM
		{0D9166B9-0A2C-48CA-AD08-390A3E5260A2}.Release|ARM.Deploy.0 = Release|ARM
		{0D9166B9-0A2C-48CA-AD08-390A3E5260A2}.Release|iPhone.ActiveCfg = Release|x86
		{0D9166B9-0A2C-48CA-AD08-390A3E5260A2}.Release|iPhone.Build.0 = Release|x86
		{0D9166B9-0A2C-48CA-AD08-390A3E5260A2}.Release|iPhone.Deploy.0 = Release|x86
		{0D9166B9-0A2C-48CA-AD08-390A3E5260A2}.Release|iPhoneSimulator.ActiveCfg = Release|x86
		{0D9166B9-0A2C-48CA-AD08-390A3E5260A2}.Release|iPhoneSimulator.Build.0 = Release|x86
		{0D9166B9-0A2C-48CA-AD08-390A3E5260A2}.Release|iPhoneSimulator.Deploy.0 = Release|x86
		{0D9166B9-0A2C-48CA-AD08-390A3E5260A2}.Release|x64.ActiveCfg = Release|x64
		{0D9166B9-0A2C-48CA-AD08-390A3E5260A2}.Release|x64.Build.0 = Release|x64
		{0D9166B9-0A2C-48CA-AD08-390A3E5260A2}.Release|x64.Deploy.0 = Release|x64
		{0D9166B9-0A2C-48CA-AD08-390A3E5260A2}.Release|x86.ActiveCfg = Release|x86
		{0D9166B9-0A2C-48CA-AD08-390A3E5260A2}.Release|x86.Build.0 = Release|x86
		{0D9166B9-0A2C-48CA-AD08-390A3E5260A2}.Release|x86.Deploy.0 = Release|x86
		{7DB9C308-B10F-46B5-9D86-8A4BA44D4139}.Debug|Any CPU.ActiveCfg = Debug|Any CPU
		{7DB9C308-B10F-46B5-9D86-8A4BA44D4139}.Debug|Any CPU.Build.0 = Debug|Any CPU
		{7DB9C308-B10F-46B5-9D86-8A4BA44D4139}.Debug|Any CPU.Deploy.0 = Debug|Any CPU
		{7DB9C308-B10F-46B5-9D86-8A4BA44D4139}.Debug|ARM.ActiveCfg = Debug|Any CPU
		{7DB9C308-B10F-46B5-9D86-8A4BA44D4139}.Debug|ARM.Build.0 = Debug|Any CPU
		{7DB9C308-B10F-46B5-9D86-8A4BA44D4139}.Debug|ARM.Deploy.0 = Debug|Any CPU
		{7DB9C308-B10F-46B5-9D86-8A4BA44D4139}.Debug|iPhone.ActiveCfg = Debug|Any CPU
		{7DB9C308-B10F-46B5-9D86-8A4BA44D4139}.Debug|iPhone.Build.0 = Debug|Any CPU
		{7DB9C308-B10F-46B5-9D86-8A4BA44D4139}.Debug|iPhone.Deploy.0 = Debug|Any CPU
		{7DB9C308-B10F-46B5-9D86-8A4BA44D4139}.Debug|iPhoneSimulator.ActiveCfg = Debug|Any CPU
		{7DB9C308-B10F-46B5-9D86-8A4BA44D4139}.Debug|iPhoneSimulator.Build.0 = Debug|Any CPU
		{7DB9C308-B10F-46B5-9D86-8A4BA44D4139}.Debug|iPhoneSimulator.Deploy.0 = Debug|Any CPU
		{7DB9C308-B10F-46B5-9D86-8A4BA44D4139}.Debug|x64.ActiveCfg = Debug|Any CPU
		{7DB9C308-B10F-46B5-9D86-8A4BA44D4139}.Debug|x64.Build.0 = Debug|Any CPU
		{7DB9C308-B10F-46B5-9D86-8A4BA44D4139}.Debug|x64.Deploy.0 = Debug|Any CPU
		{7DB9C308-B10F-46B5-9D86-8A4BA44D4139}.Debug|x86.ActiveCfg = Debug|Any CPU
		{7DB9C308-B10F-46B5-9D86-8A4BA44D4139}.Debug|x86.Build.0 = Debug|Any CPU
		{7DB9C308-B10F-46B5-9D86-8A4BA44D4139}.Debug|x86.Deploy.0 = Debug|Any CPU
		{7DB9C308-B10F-46B5-9D86-8A4BA44D4139}.Release|Any CPU.ActiveCfg = Release|Any CPU
		{7DB9C308-B10F-46B5-9D86-8A4BA44D4139}.Release|Any CPU.Build.0 = Release|Any CPU
		{7DB9C308-B10F-46B5-9D86-8A4BA44D4139}.Release|Any CPU.Deploy.0 = Release|Any CPU
		{7DB9C308-B10F-46B5-9D86-8A4BA44D4139}.Release|ARM.ActiveCfg = Release|Any CPU
		{7DB9C308-B10F-46B5-9D86-8A4BA44D4139}.Release|ARM.Build.0 = Release|Any CPU
		{7DB9C308-B10F-46B5-9D86-8A4BA44D4139}.Release|ARM.Deploy.0 = Release|Any CPU
		{7DB9C308-B10F-46B5-9D86-8A4BA44D4139}.Release|iPhone.ActiveCfg = Release|Any CPU
		{7DB9C308-B10F-46B5-9D86-8A4BA44D4139}.Release|iPhone.Build.0 = Release|Any CPU
		{7DB9C308-B10F-46B5-9D86-8A4BA44D4139}.Release|iPhone.Deploy.0 = Release|Any CPU
		{7DB9C308-B10F-46B5-9D86-8A4BA44D4139}.Release|iPhoneSimulator.ActiveCfg = Release|Any CPU
		{7DB9C308-B10F-46B5-9D86-8A4BA44D4139}.Release|iPhoneSimulator.Build.0 = Release|Any CPU
		{7DB9C308-B10F-46B5-9D86-8A4BA44D4139}.Release|iPhoneSimulator.Deploy.0 = Release|Any CPU
		{7DB9C308-B10F-46B5-9D86-8A4BA44D4139}.Release|x64.ActiveCfg = Release|Any CPU
		{7DB9C308-B10F-46B5-9D86-8A4BA44D4139}.Release|x64.Build.0 = Release|Any CPU
		{7DB9C308-B10F-46B5-9D86-8A4BA44D4139}.Release|x64.Deploy.0 = Release|Any CPU
		{7DB9C308-B10F-46B5-9D86-8A4BA44D4139}.Release|x86.ActiveCfg = Release|Any CPU
		{7DB9C308-B10F-46B5-9D86-8A4BA44D4139}.Release|x86.Build.0 = Release|Any CPU
		{7DB9C308-B10F-46B5-9D86-8A4BA44D4139}.Release|x86.Deploy.0 = Release|Any CPU
		{A5223408-74E4-4476-848D-F3B3C26A91C6}.Debug|Any CPU.ActiveCfg = Debug|iPhoneSimulator
		{A5223408-74E4-4476-848D-F3B3C26A91C6}.Debug|Any CPU.Build.0 = Debug|iPhoneSimulator
		{A5223408-74E4-4476-848D-F3B3C26A91C6}.Debug|Any CPU.Deploy.0 = Debug|iPhoneSimulator
		{A5223408-74E4-4476-848D-F3B3C26A91C6}.Debug|ARM.ActiveCfg = Debug|iPhone
		{A5223408-74E4-4476-848D-F3B3C26A91C6}.Debug|ARM.Build.0 = Debug|iPhone
		{A5223408-74E4-4476-848D-F3B3C26A91C6}.Debug|ARM.Deploy.0 = Debug|iPhone
		{A5223408-74E4-4476-848D-F3B3C26A91C6}.Debug|iPhone.ActiveCfg = Debug|iPhone
		{A5223408-74E4-4476-848D-F3B3C26A91C6}.Debug|iPhone.Build.0 = Debug|iPhone
		{A5223408-74E4-4476-848D-F3B3C26A91C6}.Debug|iPhone.Deploy.0 = Debug|iPhone
		{A5223408-74E4-4476-848D-F3B3C26A91C6}.Debug|iPhoneSimulator.ActiveCfg = Debug|iPhoneSimulator
		{A5223408-74E4-4476-848D-F3B3C26A91C6}.Debug|iPhoneSimulator.Build.0 = Debug|iPhoneSimulator
		{A5223408-74E4-4476-848D-F3B3C26A91C6}.Debug|iPhoneSimulator.Deploy.0 = Debug|iPhoneSimulator
		{A5223408-74E4-4476-848D-F3B3C26A91C6}.Debug|x64.ActiveCfg = Debug|iPhoneSimulator
		{A5223408-74E4-4476-848D-F3B3C26A91C6}.Debug|x64.Build.0 = Debug|iPhoneSimulator
		{A5223408-74E4-4476-848D-F3B3C26A91C6}.Debug|x64.Deploy.0 = Debug|iPhoneSimulator
		{A5223408-74E4-4476-848D-F3B3C26A91C6}.Debug|x86.ActiveCfg = Debug|iPhoneSimulator
		{A5223408-74E4-4476-848D-F3B3C26A91C6}.Debug|x86.Build.0 = Debug|iPhoneSimulator
		{A5223408-74E4-4476-848D-F3B3C26A91C6}.Debug|x86.Deploy.0 = Debug|iPhoneSimulator
		{A5223408-74E4-4476-848D-F3B3C26A91C6}.Release|Any CPU.ActiveCfg = Release|iPhoneSimulator
		{A5223408-74E4-4476-848D-F3B3C26A91C6}.Release|Any CPU.Build.0 = Release|iPhoneSimulator
		{A5223408-74E4-4476-848D-F3B3C26A91C6}.Release|Any CPU.Deploy.0 = Release|iPhoneSimulator
		{A5223408-74E4-4476-848D-F3B3C26A91C6}.Release|ARM.ActiveCfg = Release|iPhoneSimulator
		{A5223408-74E4-4476-848D-F3B3C26A91C6}.Release|ARM.Build.0 = Release|iPhoneSimulator
		{A5223408-74E4-4476-848D-F3B3C26A91C6}.Release|ARM.Deploy.0 = Release|iPhoneSimulator
		{A5223408-74E4-4476-848D-F3B3C26A91C6}.Release|iPhone.ActiveCfg = Release|iPhone
		{A5223408-74E4-4476-848D-F3B3C26A91C6}.Release|iPhone.Build.0 = Release|iPhone
		{A5223408-74E4-4476-848D-F3B3C26A91C6}.Release|iPhone.Deploy.0 = Release|iPhone
		{A5223408-74E4-4476-848D-F3B3C26A91C6}.Release|iPhoneSimulator.ActiveCfg = Release|iPhoneSimulator
		{A5223408-74E4-4476-848D-F3B3C26A91C6}.Release|iPhoneSimulator.Build.0 = Release|iPhoneSimulator
		{A5223408-74E4-4476-848D-F3B3C26A91C6}.Release|iPhoneSimulator.Deploy.0 = Release|iPhoneSimulator
		{A5223408-74E4-4476-848D-F3B3C26A91C6}.Release|x64.ActiveCfg = Release|iPhoneSimulator
		{A5223408-74E4-4476-848D-F3B3C26A91C6}.Release|x64.Build.0 = Release|iPhoneSimulator
		{A5223408-74E4-4476-848D-F3B3C26A91C6}.Release|x64.Deploy.0 = Release|iPhoneSimulator
		{A5223408-74E4-4476-848D-F3B3C26A91C6}.Release|x86.ActiveCfg = Release|iPhoneSimulator
		{A5223408-74E4-4476-848D-F3B3C26A91C6}.Release|x86.Build.0 = Release|iPhoneSimulator
		{A5223408-74E4-4476-848D-F3B3C26A91C6}.Release|x86.Deploy.0 = Release|iPhoneSimulator
		{43E0CABB-20EA-4088-8AB2-28FD3C385463}.Debug|Any CPU.ActiveCfg = Debug|Any CPU
		{43E0CABB-20EA-4088-8AB2-28FD3C385463}.Debug|Any CPU.Build.0 = Debug|Any CPU
		{43E0CABB-20EA-4088-8AB2-28FD3C385463}.Debug|Any CPU.Deploy.0 = Debug|Any CPU
		{43E0CABB-20EA-4088-8AB2-28FD3C385463}.Debug|ARM.ActiveCfg = Debug|Any CPU
		{43E0CABB-20EA-4088-8AB2-28FD3C385463}.Debug|ARM.Build.0 = Debug|Any CPU
		{43E0CABB-20EA-4088-8AB2-28FD3C385463}.Debug|ARM.Deploy.0 = Debug|Any CPU
		{43E0CABB-20EA-4088-8AB2-28FD3C385463}.Debug|iPhone.ActiveCfg = Debug|Any CPU
		{43E0CABB-20EA-4088-8AB2-28FD3C385463}.Debug|iPhone.Build.0 = Debug|Any CPU
		{43E0CABB-20EA-4088-8AB2-28FD3C385463}.Debug|iPhone.Deploy.0 = Debug|Any CPU
		{43E0CABB-20EA-4088-8AB2-28FD3C385463}.Debug|iPhoneSimulator.ActiveCfg = Debug|Any CPU
		{43E0CABB-20EA-4088-8AB2-28FD3C385463}.Debug|iPhoneSimulator.Build.0 = Debug|Any CPU
		{43E0CABB-20EA-4088-8AB2-28FD3C385463}.Debug|iPhoneSimulator.Deploy.0 = Debug|Any CPU
		{43E0CABB-20EA-4088-8AB2-28FD3C385463}.Debug|x64.ActiveCfg = Debug|Any CPU
		{43E0CABB-20EA-4088-8AB2-28FD3C385463}.Debug|x64.Build.0 = Debug|Any CPU
		{43E0CABB-20EA-4088-8AB2-28FD3C385463}.Debug|x64.Deploy.0 = Debug|Any CPU
		{43E0CABB-20EA-4088-8AB2-28FD3C385463}.Debug|x86.ActiveCfg = Debug|Any CPU
		{43E0CABB-20EA-4088-8AB2-28FD3C385463}.Debug|x86.Build.0 = Debug|Any CPU
		{43E0CABB-20EA-4088-8AB2-28FD3C385463}.Debug|x86.Deploy.0 = Debug|Any CPU
		{43E0CABB-20EA-4088-8AB2-28FD3C385463}.Release|Any CPU.ActiveCfg = Release|Any CPU
		{43E0CABB-20EA-4088-8AB2-28FD3C385463}.Release|Any CPU.Build.0 = Release|Any CPU
		{43E0CABB-20EA-4088-8AB2-28FD3C385463}.Release|Any CPU.Deploy.0 = Release|Any CPU
		{43E0CABB-20EA-4088-8AB2-28FD3C385463}.Release|ARM.ActiveCfg = Release|Any CPU
		{43E0CABB-20EA-4088-8AB2-28FD3C385463}.Release|ARM.Build.0 = Release|Any CPU
		{43E0CABB-20EA-4088-8AB2-28FD3C385463}.Release|ARM.Deploy.0 = Release|Any CPU
		{43E0CABB-20EA-4088-8AB2-28FD3C385463}.Release|iPhone.ActiveCfg = Release|Any CPU
		{43E0CABB-20EA-4088-8AB2-28FD3C385463}.Release|iPhone.Build.0 = Release|Any CPU
		{43E0CABB-20EA-4088-8AB2-28FD3C385463}.Release|iPhone.Deploy.0 = Release|Any CPU
		{43E0CABB-20EA-4088-8AB2-28FD3C385463}.Release|iPhoneSimulator.ActiveCfg = Release|Any CPU
		{43E0CABB-20EA-4088-8AB2-28FD3C385463}.Release|iPhoneSimulator.Build.0 = Release|Any CPU
		{43E0CABB-20EA-4088-8AB2-28FD3C385463}.Release|iPhoneSimulator.Deploy.0 = Release|Any CPU
		{43E0CABB-20EA-4088-8AB2-28FD3C385463}.Release|x64.ActiveCfg = Release|Any CPU
		{43E0CABB-20EA-4088-8AB2-28FD3C385463}.Release|x64.Build.0 = Release|Any CPU
		{43E0CABB-20EA-4088-8AB2-28FD3C385463}.Release|x64.Deploy.0 = Release|Any CPU
		{43E0CABB-20EA-4088-8AB2-28FD3C385463}.Release|x86.ActiveCfg = Release|Any CPU
		{43E0CABB-20EA-4088-8AB2-28FD3C385463}.Release|x86.Build.0 = Release|Any CPU
		{43E0CABB-20EA-4088-8AB2-28FD3C385463}.Release|x86.Deploy.0 = Release|Any CPU
	EndGlobalSection
	GlobalSection(SolutionProperties) = preSolution
		HideSolutionNode = FALSE
	EndGlobalSection
	GlobalSection(ExtensibilityGlobals) = postSolution
		SolutionGuid = {D3B5F8C7-41DD-421D-A659-4C7B395F9226}
	EndGlobalSection
EndGlobal
